
Microsoft Visual Studio Solution File, Format Version 12.00
# Visual Studio Version 18
VisualStudioVersion = 18.1.11304.174 d18.0
MinimumVisualStudioVersion = 10.0.40219.1
Project("{9A19103F-16F7-4668-BE54-9A1E7A4F7556}") = "GAPPLE.Server", "GAPPLE\Server\GAPPLE.Server.csproj", "{1D528190-9511-495F-BB6F-8F983A12B6AD}"
EndProject
Project("{9A19103F-16F7-4668-BE54-9A1E7A4F7556}") = "GAPPLE.Client", "GAPPLE\Client\GAPPLE.Client.csproj", "{A37458BE-4268-47FA-94A3-506296845666}"
EndProject
Project("{9A19103F-16F7-4668-BE54-9A1E7A4F7556}") = "GAPPLE.Shared", "GAPPLE\Shared\GAPPLE.Shared.csproj", "{A490BA5C-9ADF-46C5-9B17-82A2E4B9F3CB}"
EndProject
Project("{9A19103F-16F7-4668-BE54-9A1E7A4F7556}") = "IntegrationService", "IntegrationService\IntegrationService.csproj", "{19DF93C0-09F8-4A75-AAC4-2378F987CB03}"
	ProjectSection(ProjectDependencies) = postProject
		{A490BA5C-9ADF-46C5-9B17-82A2E4B9F3CB} = {A490BA5C-9ADF-46C5-9B17-82A2E4B9F3CB}
	EndProjectSection
EndProject
Global
	GlobalSection(SolutionConfigurationPlatforms) = preSolution
		Debug|Any CPU = Debug|Any CPU
		Release|Any CPU = Release|Any CPU
	EndGlobalSection
	GlobalSection(ProjectConfigurationPlatforms) = postSolution
		{1D528190-9511-495F-BB6F-8F983A12B6AD}.Debug|Any CPU.ActiveCfg = Debug|Any CPU
		{1D528190-9511-495F-BB6F-8F983A12B6AD}.Debug|Any CPU.Build.0 = Debug|Any CPU
		{1D528190-9511-495F-BB6F-8F983A12B6AD}.Release|Any CPU.ActiveCfg = Release|Any CPU
		{1D528190-9511-495F-BB6F-8F983A12B6AD}.Release|Any CPU.Build.0 = Release|Any CPU
		{A37458BE-4268-47FA-94A3-506296845666}.Debug|Any CPU.ActiveCfg = Debug|Any CPU
		{A37458BE-4268-47FA-94A3-506296845666}.Debug|Any CPU.Build.0 = Debug|Any CPU
		{A37458BE-4268-47FA-94A3-506296845666}.Release|Any CPU.ActiveCfg = Release|Any CPU
		{A37458BE-4268-47FA-94A3-506296845666}.Release|Any CPU.Build.0 = Release|Any CPU
		{A490BA5C-9ADF-46C5-9B17-82A2E4B9F3CB}.Debug|Any CPU.ActiveCfg = Debug|Any CPU
		{A490BA5C-9ADF-46C5-9B17-82A2E4B9F3CB}.Debug|Any CPU.Build.0 = Debug|Any CPU
		{A490BA5C-9ADF-46C5-9B17-82A2E4B9F3CB}.Release|Any CPU.ActiveCfg = Release|Any CPU
		{A490BA5C-9ADF-46C5-9B17-82A2E4B9F3CB}.Release|Any CPU.Build.0 = Release|Any CPU
		{19DF93C0-09F8-4A75-AAC4-2378F987CB03}.Debug|Any CPU.ActiveCfg = Debug|Any CPU
		{19DF93C0-09F8-4A75-AAC4-2378F987CB03}.Debug|Any CPU.Build.0 = Debug|Any CPU
		{19DF93C0-09F8-4A75-AAC4-2378F987CB03}.Release|Any CPU.ActiveCfg = Release|Any CPU
		{19DF93C0-09F8-4A75-AAC4-2378F987CB03}.Release|Any CPU.Build.0 = Release|Any CPU
	EndGlobalSection
	GlobalSection(SolutionProperties) = preSolution
		HideSolutionNode = FALSE
	EndGlobalSection
	GlobalSection(ExtensibilityGlobals) = postSolution
		SolutionGuid = {58A4D2FC-0952-41A9-B007-1422A4145590}
	EndGlobalSection
EndGlobal
